<?xml version="1.0" encoding="utf-8"?>
<Project ToolsVersion="4.0" xmlns="http://schemas.microsoft.com/developer/msbuild/2003">
  <ItemGroup>
    <Filter Include="소스 파일">
      <UniqueIdentifier>{4FC737F1-C7A5-4376-A066-2A32D752A2FF}</UniqueIdentifier>
      <Extensions>cpp;c;cc;cxx;def;odl;idl;hpj;bat;asm;asmx</Extensions>
    </Filter>
    <Filter Include="헤더 파일">
      <UniqueIdentifier>{93995380-89BD-4b04-88EB-625FBE52EBFB}</UniqueIdentifier>
      <Extensions>h;hpp;hxx;hm;inl;inc;xsd</Extensions>
    </Filter>
    <Filter Include="SWGameContext">
      <UniqueIdentifier>{8fb5d447-6734-4df3-a384-1d6ca4771a77}</UniqueIdentifier>
    </Filter>
    <Filter Include="SWRefCounter">
      <UniqueIdentifier>{d11294cc-3ff9-400d-b09e-c1164906f968}</UniqueIdentifier>
    </Filter>
    <Filter Include="SWGameObject">
      <UniqueIdentifier>{3f54237a-f40f-4ff3-bd4b-dcf2ea602650}</UniqueIdentifier>
    </Filter>
    <Filter Include="SWComponent">
      <UniqueIdentifier>{9d31a6eb-c5ac-4766-a289-35782ac2f3f1}</UniqueIdentifier>
    </Filter>
    <Filter Include="SWObject">
      <UniqueIdentifier>{c21dcecc-37fe-451b-928b-e74fa0f19540}</UniqueIdentifier>
    </Filter>
    <Filter Include="SWMemory">
      <UniqueIdentifier>{a50a777f-02d5-44ad-bedc-fb5abe23a8b3}</UniqueIdentifier>
    </Filter>
    <Filter Include="SWLog">
      <UniqueIdentifier>{67DA6AB6-F800-4c08-8B7A-83BB121AAD01}</UniqueIdentifier>
      <Extensions>rc;ico;cur;bmp;dlg;rc2;rct;bin;rgs;gif;jpg;jpeg;jpe;resx;tiff;tif;png;wav;mfcribbon-ms</Extensions>
    </Filter>
    <Filter Include="SWRtti">
      <UniqueIdentifier>{a2e0de22-a0db-4f7e-b16b-d5a5385a7868}</UniqueIdentifier>
    </Filter>
    <Filter Include="SWGameScene">
      <UniqueIdentifier>{19a6b752-b658-402d-b0b8-312db9eae0df}</UniqueIdentifier>
    </Filter>
    <Filter Include="SWVector3f">
      <UniqueIdentifier>{8ddbf9e9-95dd-4981-bcc6-23ecd2bbeb92}</UniqueIdentifier>
    </Filter>
    <Filter Include="SWQuaternion">
      <UniqueIdentifier>{186f0b12-d65e-49e2-8d8c-15ddfbae1c5b}</UniqueIdentifier>
    </Filter>
    <Filter Include="SWMatrix4x4">
      <UniqueIdentifier>{7cfbad08-1636-4df7-92fe-e9950e2bd7f8}</UniqueIdentifier>
    </Filter>
    <Filter Include="SWMeshRenderer">
      <UniqueIdentifier>{d37d7ca5-6f1f-4d7a-8d79-3492dccd3fc1}</UniqueIdentifier>
    </Filter>
    <Filter Include="SWTransform">
      <UniqueIdentifier>{e2cf3c4f-1cee-43b1-8b30-fbad2e4d42d4}</UniqueIdentifier>
    </Filter>
    <Filter Include="SWVector2f">
      <UniqueIdentifier>{7c13e6ee-49b4-4d75-b8e3-aba2f74e41cb}</UniqueIdentifier>
    </Filter>
    <Filter Include="SWTimer">
      <UniqueIdentifier>{339794a3-eac0-4bfe-90cf-7a7ca549ff5e}</UniqueIdentifier>
    </Filter>
    <Filter Include="SWRect">
      <UniqueIdentifier>{30040ce0-2054-48ae-8605-7090e6ee038e}</UniqueIdentifier>
    </Filter>
    <Filter Include="SWCriticalSection">
      <UniqueIdentifier>{16c5ebcb-9f3e-4e4d-9a5e-292d485bf32f}</UniqueIdentifier>
    </Filter>
    <Filter Include="SWBehavior">
      <UniqueIdentifier>{39a75a20-8771-42aa-89c1-32b3ecc62459}</UniqueIdentifier>
    </Filter>
    <Filter Include="SWDefines">
      <UniqueIdentifier>{abf48f21-422b-4dd4-9d10-8507e7fb15de}</UniqueIdentifier>
    </Filter>
    <Filter Include="SWRenderer">
      <UniqueIdentifier>{dea0fdeb-5a64-47f7-bc63-bd6b58e4b14d}</UniqueIdentifier>
    </Filter>
    <Filter Include="SWMeshFilter">
      <UniqueIdentifier>{01fb586c-a08e-4d91-8409-ffb29a556157}</UniqueIdentifier>
    </Filter>
    <Filter Include="SWMesh">
      <UniqueIdentifier>{7eab4a69-01e2-445b-960e-8ff0c4d39ee8}</UniqueIdentifier>
    </Filter>
    <Filter Include="SWIOStream">
      <UniqueIdentifier>{874cbedd-84c4-4c95-b920-a4d96c5fecc4}</UniqueIdentifier>
    </Filter>
    <Filter Include="SWMath">
      <UniqueIdentifier>{34b4e97a-c1e2-434e-9f63-14a4fbb5bbbc}</UniqueIdentifier>
    </Filter>
    <Filter Include="SWAction">
      <UniqueIdentifier>{d098dfcd-5664-483e-9f89-bac010d326db}</UniqueIdentifier>
    </Filter>
    <Filter Include="SWAct">
      <UniqueIdentifier>{417bfde0-887e-4bc4-b2d0-82158badd596}</UniqueIdentifier>
    </Filter>
    <Filter Include="SWAct\SWActSequence">
      <UniqueIdentifier>{bd8323b7-b59a-4bbf-918e-5657db5015f4}</UniqueIdentifier>
    </Filter>
    <Filter Include="SWProfiler">
      <UniqueIdentifier>{cd786f91-2f4b-4479-a086-efc0e3cf3b49}</UniqueIdentifier>
    </Filter>
    <Filter Include="SWUtil">
      <UniqueIdentifier>{033f681d-c964-4675-a04e-85d9dfb5c353}</UniqueIdentifier>
    </Filter>
    <Filter Include="SWTime">
      <UniqueIdentifier>{adf6ab0f-926d-45df-9248-04d85d1886e9}</UniqueIdentifier>
    </Filter>
    <Filter Include="SWInput">
      <UniqueIdentifier>{75cc06d2-aaf4-4c03-b853-25f5a52cc109}</UniqueIdentifier>
    </Filter>
    <Filter Include="SWAct\SWActDestroy">
      <UniqueIdentifier>{15fe62fb-2bb8-4e57-921b-a5ad547aa75f}</UniqueIdentifier>
    </Filter>
  </ItemGroup>
  <ItemGroup>
    <None Include="ReadMe.txt" />
  </ItemGroup>
  <ItemGroup>
    <ClInclude Include="stdafx.h">
      <Filter>헤더 파일</Filter>
    </ClInclude>
    <ClInclude Include="targetver.h">
      <Filter>헤더 파일</Filter>
    </ClInclude>
    <ClInclude Include="header\SWMemory.h">
      <Filter>SWMemory</Filter>
    </ClInclude>
    <ClInclude Include="header\SWLog.h">
      <Filter>SWLog</Filter>
    </ClInclude>
    <ClInclude Include="header\SWGameContext.h">
      <Filter>SWGameContext</Filter>
    </ClInclude>
    <ClInclude Include="header\SWRefCounter.h">
      <Filter>SWRefCounter</Filter>
    </ClInclude>
    <ClInclude Include="header\SWObject.h">
      <Filter>SWObject</Filter>
    </ClInclude>
    <ClInclude Include="header\SWGameObject.h">
      <Filter>SWGameObject</Filter>
    </ClInclude>
    <ClInclude Include="header\SWComponent.h">
      <Filter>SWComponent</Filter>
    </ClInclude>
    <ClInclude Include="header\SWRtti.h">
      <Filter>SWRtti</Filter>
    </ClInclude>
    <ClInclude Include="header\SWGameScene.h">
      <Filter>SWGameScene</Filter>
    </ClInclude>
    <ClInclude Include="header\SWDefines.h">
      <Filter>SWDefines</Filter>
    </ClInclude>
    <ClInclude Include="header\SWVector3f.h">
      <Filter>SWVector3f</Filter>
    </ClInclude>
    <ClInclude Include="header\SWQuaternion.h">
      <Filter>SWQuaternion</Filter>
    </ClInclude>
    <ClInclude Include="header\SWMatrix4x4.h">
      <Filter>SWMatrix4x4</Filter>
    </ClInclude>
    <ClInclude Include="header\SWMeshRenderer.h">
      <Filter>SWMeshRenderer</Filter>
    </ClInclude>
    <ClInclude Include="header\SWTransform.h">
      <Filter>SWTransform</Filter>
    </ClInclude>
    <ClInclude Include="header\SWVector2f.h">
      <Filter>SWVector2f</Filter>
    </ClInclude>
    <ClInclude Include="header\SWTimer.h">
      <Filter>SWTimer</Filter>
    </ClInclude>
    <ClInclude Include="header\SWRect.h">
      <Filter>SWRect</Filter>
    </ClInclude>
    <ClInclude Include="header\SWCriticalSection.h">
      <Filter>SWCriticalSection</Filter>
    </ClInclude>
    <ClInclude Include="header\SWBehavior.h">
      <Filter>SWBehavior</Filter>
    </ClInclude>
    <ClInclude Include="header\stb_image.h">
      <Filter>헤더 파일</Filter>
    </ClInclude>
    <ClInclude Include="header\SWMeshFilter.h">
      <Filter>SWMeshFilter</Filter>
    </ClInclude>
    <ClInclude Include="header\SWMesh.h">
      <Filter>SWMesh</Filter>
    </ClInclude>
    <ClInclude Include="header\SWRenderer.h">
      <Filter>SWRenderer</Filter>
    </ClInclude>
    <ClInclude Include="header\SWIOStream.h">
      <Filter>SWIOStream</Filter>
    </ClInclude>
    <ClInclude Include="Cat.h">
      <Filter>소스 파일</Filter>
    </ClInclude>
    <ClInclude Include="Ball.h">
      <Filter>소스 파일</Filter>
    </ClInclude>
    <ClInclude Include="header\SWMath.h">
      <Filter>SWMath</Filter>
    </ClInclude>
    <ClInclude Include="BallGenerator.h">
      <Filter>소스 파일</Filter>
    </ClInclude>
    <ClInclude Include="CatGenerator.h">
      <Filter>소스 파일</Filter>
    </ClInclude>
    <ClInclude Include="header\SWAction.h">
      <Filter>SWAction</Filter>
    </ClInclude>
    <ClInclude Include="header\SWAct.h">
      <Filter>SWAct</Filter>
    </ClInclude>
    <ClInclude Include="header\SWProfiler.h">
      <Filter>SWProfiler</Filter>
    </ClInclude>
    <ClInclude Include="header\SWUtil.h">
      <Filter>SWUtil</Filter>
    </ClInclude>
    <ClInclude Include="header\SWTime.h">
      <Filter>SWTime</Filter>
    </ClInclude>
    <ClInclude Include="header\SWInput.h">
      <Filter>SWInput</Filter>
    </ClInclude>
    <ClInclude Include="header\SWActSequence.h">
      <Filter>SWAct\SWActSequence</Filter>
    </ClInclude>
    <ClInclude Include="header\SWActDestroy.h">
      <Filter>SWAct\SWActDestroy</Filter>
    </ClInclude>
  </ItemGroup>
  <ItemGroup>
    <ClCompile Include="stdafx.cpp">
      <Filter>소스 파일</Filter>
    </ClCompile>
    <ClCompile Include="project_sw.cpp">
      <Filter>소스 파일</Filter>
    </ClCompile>
    <ClCompile Include="source\SWMemory.cpp">
      <Filter>SWMemory</Filter>
    </ClCompile>
    <ClCompile Include="source\SWLog.cpp">
      <Filter>SWLog</Filter>
    </ClCompile>
    <ClCompile Include="source\SWGameContext.cpp">
      <Filter>SWGameContext</Filter>
    </ClCompile>
    <ClCompile Include="source\SWRefCounter.cpp">
      <Filter>SWRefCounter</Filter>
    </ClCompile>
    <ClCompile Include="source\SWObject.cpp">
      <Filter>SWObject</Filter>
    </ClCompile>
    <ClCompile Include="source\SWGameObject.cpp">
      <Filter>SWGameObject</Filter>
    </ClCompile>
    <ClCompile Include="source\SWComponent.cpp">
      <Filter>SWComponent</Filter>
    </ClCompile>
    <ClCompile Include="source\SWGameScene.cpp">
      <Filter>SWGameScene</Filter>
    </ClCompile>
    <ClCompile Include="source\SWVector3f.cpp">
      <Filter>SWVector3f</Filter>
    </ClCompile>
    <ClCompile Include="source\SWMatrix4x4.cpp">
      <Filter>SWMatrix4x4</Filter>
    </ClCompile>
    <ClCompile Include="source\SWQuaternion.cpp">
      <Filter>SWQuaternion</Filter>
    </ClCompile>
    <ClCompile Include="source\SWMeshRenderer.cpp">
      <Filter>SWMeshRenderer</Filter>
    </ClCompile>
    <ClCompile Include="source\SWTransform.cpp">
      <Filter>SWTransform</Filter>
    </ClCompile>
    <ClCompile Include="source\SWVector2f.cpp">
      <Filter>SWVector2f</Filter>
    </ClCompile>
    <ClCompile Include="source\SWTimer.cpp">
      <Filter>SWTimer</Filter>
    </ClCompile>
    <ClCompile Include="source\SWRect.cpp">
      <Filter>SWRect</Filter>
    </ClCompile>
    <ClCompile Include="source\SWCriticalSection.cpp">
      <Filter>SWCriticalSection</Filter>
    </ClCompile>
    <ClCompile Include="source\SWBehavior.cpp">
      <Filter>SWBehavior</Filter>
    </ClCompile>
    <ClCompile Include="source\stb_image.c">
      <Filter>소스 파일</Filter>
    </ClCompile>
    <ClCompile Include="source\SWMeshFilter.cpp">
      <Filter>SWMeshFilter</Filter>
    </ClCompile>
    <ClCompile Include="source\SWMesh.cpp">
      <Filter>SWMesh</Filter>
    </ClCompile>
    <ClCompile Include="source\SWRenderer.cpp">
      <Filter>SWRenderer</Filter>
    </ClCompile>
    <ClCompile Include="Cat.cpp">
      <Filter>소스 파일</Filter>
    </ClCompile>
    <ClCompile Include="Ball.cpp">
      <Filter>소스 파일</Filter>
    </ClCompile>
    <ClCompile Include="source\SWMath.cpp">
      <Filter>SWMath</Filter>
    </ClCompile>
    <ClCompile Include="BallGenerator.cpp">
      <Filter>소스 파일</Filter>
    </ClCompile>
    <ClCompile Include="CatGenerator.cpp">
      <Filter>소스 파일</Filter>
    </ClCompile>
    <ClCompile Include="source\SWAction.cpp">
      <Filter>SWAction</Filter>
    </ClCompile>
    <ClCompile Include="source\SWAct.cpp">
      <Filter>SWAct</Filter>
    </ClCompile>
    <ClCompile Include="source\SWProfiler.cpp">
      <Filter>SWProfiler</Filter>
    </ClCompile>
    <ClCompile Include="source\SWUtil.cpp">
      <Filter>SWUtil</Filter>
    </ClCompile>
    <ClCompile Include="source\SWTime.cpp">
      <Filter>SWTime</Filter>
    </ClCompile>
    <ClCompile Include="source\SWInput.cpp">
      <Filter>SWInput</Filter>
    </ClCompile>
    <ClCompile Include="source\SWActSequence.cpp">
      <Filter>SWAct\SWActSequence</Filter>
    </ClCompile>
    <ClCompile Include="source\SWActDestroy.cpp">
      <Filter>SWAct\SWActDestroy</Filter>
    </ClCompile>
  </ItemGroup>
</Project>